
Microsoft Visual Studio Solution File, Format Version 12.00
# Visual Studio Version 17
VisualStudioVersion = 17.9.34622.214
MinimumVisualStudioVersion = 10.0.40219.1
Project("{9A19103F-16F7-4668-BE54-9A1E7A4F7556}") = "AccountingBook.Data", "AccountingBook.Data\AccountingBook.Data.csproj", "{71E6802F-24DC-4AC9-87E1-38BAFCE4165E}"
EndProject
Project("{9A19103F-16F7-4668-BE54-9A1E7A4F7556}") = "AccountingBook.Core", "AccountingBook.Core\AccountingBook.Core.csproj", "{7C8502F6-FB84-4E79-B02A-85244DE412FA}"
EndProject
Project("{FAE04EC0-301F-11D3-BF4B-00C04F79EFBC}") = "AccountingBook.Web", "AccountingBook.Web\AccountingBook.Web.csproj", "{FCCC8449-B84A-4963-9AD0-5C10E3EC167C}"
EndProject
Global
	GlobalSection(SolutionConfigurationPlatforms) = preSolution
		Debug|Any CPU = Debug|Any CPU
		Release|Any CPU = Release|Any CPU
	EndGlobalSection
	GlobalSection(ProjectConfigurationPlatforms) = postSolution
		{71E6802F-24DC-4AC9-87E1-38BAFCE4165E}.Debug|Any CPU.ActiveCfg = Debug|Any CPU
		{71E6802F-24DC-4AC9-87E1-38BAFCE4165E}.Debug|Any CPU.Build.0 = Debug|Any CPU
		{71E6802F-24DC-4AC9-87E1-38BAFCE4165E}.Release|Any CPU.ActiveCfg = Release|Any CPU
		{71E6802F-24DC-4AC9-87E1-38BAFCE4165E}.Release|Any CPU.Build.0 = Release|Any CPU
		{7C8502F6-FB84-4E79-B02A-85244DE412FA}.Debug|Any CPU.ActiveCfg = Debug|Any CPU
		{7C8502F6-FB84-4E79-B02A-85244DE412FA}.Debug|Any CPU.Build.0 = Debug|Any CPU
		{7C8502F6-FB84-4E79-B02A-85244DE412FA}.Release|Any CPU.ActiveCfg = Release|Any CPU
		{7C8502F6-FB84-4E79-B02A-85244DE412FA}.Release|Any CPU.Build.0 = Release|Any CPU
		{FCCC8449-B84A-4963-9AD0-5C10E3EC167C}.Debug|Any CPU.ActiveCfg = Debug|Any CPU
		{FCCC8449-B84A-4963-9AD0-5C10E3EC167C}.Debug|Any CPU.Build.0 = Debug|Any CPU
		{FCCC8449-B84A-4963-9AD0-5C10E3EC167C}.Release|Any CPU.ActiveCfg = Release|Any CPU
		{FCCC8449-B84A-4963-9AD0-5C10E3EC167C}.Release|Any CPU.Build.0 = Release|Any CPU
	EndGlobalSection
	GlobalSection(SolutionProperties) = preSolution
		HideSolutionNode = FALSE
	EndGlobalSection
	GlobalSection(ExtensibilityGlobals) = postSolution
		SolutionGuid = {104D8682-0291-4752-B2AF-CD278E1D5C9D}
	EndGlobalSection
EndGlobal
